
Microsoft Visual Studio Solution File, Format Version 11.00
# Visual Studio 2010
Project("{FAE04EC0-301F-11D3-BF4B-00C04F79EFBC}") = "PidServer", "PidServer\PidServer.csproj", "{8DDE0D05-AD53-4C60-B25F-73BA8933C449}"
EndProject
Project("{FAE04EC0-301F-11D3-BF4B-00C04F79EFBC}") = "IDBMethod", "IDBMethod\IDBMethod.csproj", "{60D9B02F-2CF8-4B02-B4BF-11F15FC56E2A}"
EndProject
Project("{FAE04EC0-301F-11D3-BF4B-00C04F79EFBC}") = "RemoteDataService", "RemoteDataSerivice\RemoteDataService.csproj", "{380C9833-9E5E-49BD-86D6-B0428D9B2FB5}"
EndProject
Global
	GlobalSection(SolutionConfigurationPlatforms) = preSolution
		Debug|Any CPU = Debug|Any CPU
		Debug|Mixed Platforms = Debug|Mixed Platforms
		Debug|x86 = Debug|x86
		Release|Any CPU = Release|Any CPU
		Release|Mixed Platforms = Release|Mixed Platforms
		Release|x86 = Release|x86
	EndGlobalSection
	GlobalSection(ProjectConfigurationPlatforms) = postSolution
		{8DDE0D05-AD53-4C60-B25F-73BA8933C449}.Debug|Any CPU.ActiveCfg = Debug|x86
		{8DDE0D05-AD53-4C60-B25F-73BA8933C449}.Debug|Mixed Platforms.ActiveCfg = Debug|x86
		{8DDE0D05-AD53-4C60-B25F-73BA8933C449}.Debug|Mixed Platforms.Build.0 = Debug|x86
		{8DDE0D05-AD53-4C60-B25F-73BA8933C449}.Debug|x86.ActiveCfg = Debug|x86
		{8DDE0D05-AD53-4C60-B25F-73BA8933C449}.Debug|x86.Build.0 = Debug|x86
		{8DDE0D05-AD53-4C60-B25F-73BA8933C449}.Release|Any CPU.ActiveCfg = Release|x86
		{8DDE0D05-AD53-4C60-B25F-73BA8933C449}.Release|Mixed Platforms.ActiveCfg = Release|x86
		{8DDE0D05-AD53-4C60-B25F-73BA8933C449}.Release|Mixed Platforms.Build.0 = Release|x86
		{8DDE0D05-AD53-4C60-B25F-73BA8933C449}.Release|x86.ActiveCfg = Release|x86
		{8DDE0D05-AD53-4C60-B25F-73BA8933C449}.Release|x86.Build.0 = Release|x86
		{60D9B02F-2CF8-4B02-B4BF-11F15FC56E2A}.Debug|Any CPU.ActiveCfg = Debug|Any CPU
		{60D9B02F-2CF8-4B02-B4BF-11F15FC56E2A}.Debug|Any CPU.Build.0 = Debug|Any CPU
		{60D9B02F-2CF8-4B02-B4BF-11F15FC56E2A}.Debug|Mixed Platforms.ActiveCfg = Debug|Any CPU
		{60D9B02F-2CF8-4B02-B4BF-11F15FC56E2A}.Debug|Mixed Platforms.Build.0 = Debug|Any CPU
		{60D9B02F-2CF8-4B02-B4BF-11F15FC56E2A}.Debug|x86.ActiveCfg = Debug|Any CPU
		{60D9B02F-2CF8-4B02-B4BF-11F15FC56E2A}.Release|Any CPU.ActiveCfg = Release|Any CPU
		{60D9B02F-2CF8-4B02-B4BF-11F15FC56E2A}.Release|Any CPU.Build.0 = Release|Any CPU
		{60D9B02F-2CF8-4B02-B4BF-11F15FC56E2A}.Release|Mixed Platforms.ActiveCfg = Release|Any CPU
		{60D9B02F-2CF8-4B02-B4BF-11F15FC56E2A}.Release|Mixed Platforms.Build.0 = Release|Any CPU
		{60D9B02F-2CF8-4B02-B4BF-11F15FC56E2A}.Release|x86.ActiveCfg = Release|Any CPU
		{380C9833-9E5E-49BD-86D6-B0428D9B2FB5}.Debug|Any CPU.ActiveCfg = Debug|Any CPU
		{380C9833-9E5E-49BD-86D6-B0428D9B2FB5}.Debug|Any CPU.Build.0 = Debug|Any CPU
		{380C9833-9E5E-49BD-86D6-B0428D9B2FB5}.Debug|Mixed Platforms.ActiveCfg = Debug|Any CPU
		{380C9833-9E5E-49BD-86D6-B0428D9B2FB5}.Debug|Mixed Platforms.Build.0 = Debug|Any CPU
		{380C9833-9E5E-49BD-86D6-B0428D9B2FB5}.Debug|x86.ActiveCfg = Debug|Any CPU
		{380C9833-9E5E-49BD-86D6-B0428D9B2FB5}.Release|Any CPU.ActiveCfg = Release|Any CPU
		{380C9833-9E5E-49BD-86D6-B0428D9B2FB5}.Release|Any CPU.Build.0 = Release|Any CPU
		{380C9833-9E5E-49BD-86D6-B0428D9B2FB5}.Release|Mixed Platforms.ActiveCfg = Release|Any CPU
		{380C9833-9E5E-49BD-86D6-B0428D9B2FB5}.Release|Mixed Platforms.Build.0 = Release|Any CPU
		{380C9833-9E5E-49BD-86D6-B0428D9B2FB5}.Release|x86.ActiveCfg = Release|Any CPU
	EndGlobalSection
	GlobalSection(SolutionProperties) = preSolution
		HideSolutionNode = FALSE
	EndGlobalSection
EndGlobal
